
Microsoft Visual Studio Solution File, Format Version 12.00
# Visual Studio Version 17
VisualStudioVersion = 17.0.31903.59
MinimumVisualStudioVersion = 10.0.40219.1
Project("{2150E333-8FDC-42A3-9474-1A3956D46DE8}") = "src", "src", "{827E0CD3-B72D-47B6-A68D-7590B98EB39B}"
EndProject
Project("{FAE04EC0-301F-11D3-BF4B-00C04F79EFBC}") = "OrderProcessing.Core", "src\OrderProcessing.Core\OrderProcessing.Core.csproj", "{C63C5EB5-D944-4513-BDE4-7DC704E6DFF8}"
EndProject
Project("{FAE04EC0-301F-11D3-BF4B-00C04F79EFBC}") = "OrderProcessing.Data", "src\OrderProcessing.Data\OrderProcessing.Data.csproj", "{D0E090D4-4F1D-44A8-A3F2-55DA2A11B5DE}"
EndProject
Project("{FAE04EC0-301F-11D3-BF4B-00C04F79EFBC}") = "OrderProcessing.Services", "src\OrderProcessing.Services\OrderProcessing.Services.csproj", "{4AD0C7F7-C5EC-45D7-8C1F-247FFA587287}"
EndProject
Project("{FAE04EC0-301F-11D3-BF4B-00C04F79EFBC}") = "OrderProcessing.OrderApi", "src\OrderProcessing.OrderApi\OrderProcessing.OrderApi.csproj", "{0F4DF25E-1929-4172-ADA3-A50FE2377886}"
EndProject
Project("{FAE04EC0-301F-11D3-BF4B-00C04F79EFBC}") = "OrderProcessing.InventoryApi", "src\OrderProcessing.InventoryApi\OrderProcessing.InventoryApi.csproj", "{1160B55B-999F-4CE5-BFC9-726F28B2F670}"
EndProject
Project("{FAE04EC0-301F-11D3-BF4B-00C04F79EFBC}") = "OrderProcessing.AnalyticsApi", "src\OrderProcessing.AnalyticsApi\OrderProcessing.AnalyticsApi.csproj", "{81593D9A-18E9-45A7-8EB6-390112444C56}"
EndProject
Project("{FAE04EC0-301F-11D3-BF4B-00C04F79EFBC}") = "OrderProcessing.IntegrationTests", "tests\OrderProcessing.IntegrationTests\OrderProcessing.IntegrationTests.csproj", "{31AFCDA1-FDE6-448A-AF9A-BE58E67D254F}"
EndProject
Project("{2150E333-8FDC-42A3-9474-1A3956D46DE8}") = "tests", "tests", "{0AB3BF05-4346-4AA6-1389-037BE0695223}"
EndProject
Project("{FAE04EC0-301F-11D3-BF4B-00C04F79EFBC}") = "OrderProcessing.InventoryApi.Tests", "tests\OrderProcessing.InventoryApi.Tests\OrderProcessing.InventoryApi.Tests.csproj", "{F19E1CA1-7AF6-487B-B8A3-E1C02FB62EC1}"
EndProject
Global
	GlobalSection(SolutionConfigurationPlatforms) = preSolution
		Debug|Any CPU = Debug|Any CPU
		Debug|x64 = Debug|x64
		Debug|x86 = Debug|x86
		Release|Any CPU = Release|Any CPU
		Release|x64 = Release|x64
		Release|x86 = Release|x86
	EndGlobalSection
	GlobalSection(ProjectConfigurationPlatforms) = postSolution
		{C63C5EB5-D944-4513-BDE4-7DC704E6DFF8}.Debug|Any CPU.ActiveCfg = Debug|Any CPU
		{C63C5EB5-D944-4513-BDE4-7DC704E6DFF8}.Debug|Any CPU.Build.0 = Debug|Any CPU
		{C63C5EB5-D944-4513-BDE4-7DC704E6DFF8}.Debug|x64.ActiveCfg = Debug|Any CPU
		{C63C5EB5-D944-4513-BDE4-7DC704E6DFF8}.Debug|x64.Build.0 = Debug|Any CPU
		{C63C5EB5-D944-4513-BDE4-7DC704E6DFF8}.Debug|x86.ActiveCfg = Debug|Any CPU
		{C63C5EB5-D944-4513-BDE4-7DC704E6DFF8}.Debug|x86.Build.0 = Debug|Any CPU
		{C63C5EB5-D944-4513-BDE4-7DC704E6DFF8}.Release|Any CPU.ActiveCfg = Release|Any CPU
		{C63C5EB5-D944-4513-BDE4-7DC704E6DFF8}.Release|Any CPU.Build.0 = Release|Any CPU
		{C63C5EB5-D944-4513-BDE4-7DC704E6DFF8}.Release|x64.ActiveCfg = Release|Any CPU
		{C63C5EB5-D944-4513-BDE4-7DC704E6DFF8}.Release|x64.Build.0 = Release|Any CPU
		{C63C5EB5-D944-4513-BDE4-7DC704E6DFF8}.Release|x86.ActiveCfg = Release|Any CPU
		{C63C5EB5-D944-4513-BDE4-7DC704E6DFF8}.Release|x86.Build.0 = Release|Any CPU
		{D0E090D4-4F1D-44A8-A3F2-55DA2A11B5DE}.Debug|Any CPU.ActiveCfg = Debug|Any CPU
		{D0E090D4-4F1D-44A8-A3F2-55DA2A11B5DE}.Debug|Any CPU.Build.0 = Debug|Any CPU
		{D0E090D4-4F1D-44A8-A3F2-55DA2A11B5DE}.Debug|x64.ActiveCfg = Debug|Any CPU
		{D0E090D4-4F1D-44A8-A3F2-55DA2A11B5DE}.Debug|x64.Build.0 = Debug|Any CPU
		{D0E090D4-4F1D-44A8-A3F2-55DA2A11B5DE}.Debug|x86.ActiveCfg = Debug|Any CPU
		{D0E090D4-4F1D-44A8-A3F2-55DA2A11B5DE}.Debug|x86.Build.0 = Debug|Any CPU
		{D0E090D4-4F1D-44A8-A3F2-55DA2A11B5DE}.Release|Any CPU.ActiveCfg = Release|Any CPU
		{D0E090D4-4F1D-44A8-A3F2-55DA2A11B5DE}.Release|Any CPU.Build.0 = Release|Any CPU
		{D0E090D4-4F1D-44A8-A3F2-55DA2A11B5DE}.Release|x64.ActiveCfg = Release|Any CPU
		{D0E090D4-4F1D-44A8-A3F2-55DA2A11B5DE}.Release|x64.Build.0 = Release|Any CPU
		{D0E090D4-4F1D-44A8-A3F2-55DA2A11B5DE}.Release|x86.ActiveCfg = Release|Any CPU
		{D0E090D4-4F1D-44A8-A3F2-55DA2A11B5DE}.Release|x86.Build.0 = Release|Any CPU
		{4AD0C7F7-C5EC-45D7-8C1F-247FFA587287}.Debug|Any CPU.ActiveCfg = Debug|Any CPU
		{4AD0C7F7-C5EC-45D7-8C1F-247FFA587287}.Debug|Any CPU.Build.0 = Debug|Any CPU
		{4AD0C7F7-C5EC-45D7-8C1F-247FFA587287}.Debug|x64.ActiveCfg = Debug|Any CPU
		{4AD0C7F7-C5EC-45D7-8C1F-247FFA587287}.Debug|x64.Build.0 = Debug|Any CPU
		{4AD0C7F7-C5EC-45D7-8C1F-247FFA587287}.Debug|x86.ActiveCfg = Debug|Any CPU
		{4AD0C7F7-C5EC-45D7-8C1F-247FFA587287}.Debug|x86.Build.0 = Debug|Any CPU
		{4AD0C7F7-C5EC-45D7-8C1F-247FFA587287}.Release|Any CPU.ActiveCfg = Release|Any CPU
		{4AD0C7F7-C5EC-45D7-8C1F-247FFA587287}.Release|Any CPU.Build.0 = Release|Any CPU
		{4AD0C7F7-C5EC-45D7-8C1F-247FFA587287}.Release|x64.ActiveCfg = Release|Any CPU
		{4AD0C7F7-C5EC-45D7-8C1F-247FFA587287}.Release|x64.Build.0 = Release|Any CPU
		{4AD0C7F7-C5EC-45D7-8C1F-247FFA587287}.Release|x86.ActiveCfg = Release|Any CPU
		{4AD0C7F7-C5EC-45D7-8C1F-247FFA587287}.Release|x86.Build.0 = Release|Any CPU
		{0F4DF25E-1929-4172-ADA3-A50FE2377886}.Debug|Any CPU.ActiveCfg = Debug|Any CPU
		{0F4DF25E-1929-4172-ADA3-A50FE2377886}.Debug|Any CPU.Build.0 = Debug|Any CPU
		{0F4DF25E-1929-4172-ADA3-A50FE2377886}.Debug|x64.ActiveCfg = Debug|Any CPU
		{0F4DF25E-1929-4172-ADA3-A50FE2377886}.Debug|x64.Build.0 = Debug|Any CPU
		{0F4DF25E-1929-4172-ADA3-A50FE2377886}.Debug|x86.ActiveCfg = Debug|Any CPU
		{0F4DF25E-1929-4172-ADA3-A50FE2377886}.Debug|x86.Build.0 = Debug|Any CPU
		{0F4DF25E-1929-4172-ADA3-A50FE2377886}.Release|Any CPU.ActiveCfg = Release|Any CPU
		{0F4DF25E-1929-4172-ADA3-A50FE2377886}.Release|Any CPU.Build.0 = Release|Any CPU
		{0F4DF25E-1929-4172-ADA3-A50FE2377886}.Release|x64.ActiveCfg = Release|Any CPU
		{0F4DF25E-1929-4172-ADA3-A50FE2377886}.Release|x64.Build.0 = Release|Any CPU
		{0F4DF25E-1929-4172-ADA3-A50FE2377886}.Release|x86.ActiveCfg = Release|Any CPU
		{0F4DF25E-1929-4172-ADA3-A50FE2377886}.Release|x86.Build.0 = Release|Any CPU
		{1160B55B-999F-4CE5-BFC9-726F28B2F670}.Debug|Any CPU.ActiveCfg = Debug|Any CPU
		{1160B55B-999F-4CE5-BFC9-726F28B2F670}.Debug|Any CPU.Build.0 = Debug|Any CPU
		{1160B55B-999F-4CE5-BFC9-726F28B2F670}.Debug|x64.ActiveCfg = Debug|Any CPU
		{1160B55B-999F-4CE5-BFC9-726F28B2F670}.Debug|x64.Build.0 = Debug|Any CPU
		{1160B55B-999F-4CE5-BFC9-726F28B2F670}.Debug|x86.ActiveCfg = Debug|Any CPU
		{1160B55B-999F-4CE5-BFC9-726F28B2F670}.Debug|x86.Build.0 = Debug|Any CPU
		{1160B55B-999F-4CE5-BFC9-726F28B2F670}.Release|Any CPU.ActiveCfg = Release|Any CPU
		{1160B55B-999F-4CE5-BFC9-726F28B2F670}.Release|Any CPU.Build.0 = Release|Any CPU
		{1160B55B-999F-4CE5-BFC9-726F28B2F670}.Release|x64.ActiveCfg = Release|Any CPU
		{1160B55B-999F-4CE5-BFC9-726F28B2F670}.Release|x64.Build.0 = Release|Any CPU
		{1160B55B-999F-4CE5-BFC9-726F28B2F670}.Release|x86.ActiveCfg = Release|Any CPU
		{1160B55B-999F-4CE5-BFC9-726F28B2F670}.Release|x86.Build.0 = Release|Any CPU
		{81593D9A-18E9-45A7-8EB6-390112444C56}.Debug|Any CPU.ActiveCfg = Debug|Any CPU
		{81593D9A-18E9-45A7-8EB6-390112444C56}.Debug|Any CPU.Build.0 = Debug|Any CPU
		{81593D9A-18E9-45A7-8EB6-390112444C56}.Debug|x64.ActiveCfg = Debug|Any CPU
		{81593D9A-18E9-45A7-8EB6-390112444C56}.Debug|x64.Build.0 = Debug|Any CPU
		{81593D9A-18E9-45A7-8EB6-390112444C56}.Debug|x86.ActiveCfg = Debug|Any CPU
		{81593D9A-18E9-45A7-8EB6-390112444C56}.Debug|x86.Build.0 = Debug|Any CPU
		{81593D9A-18E9-45A7-8EB6-390112444C56}.Release|Any CPU.ActiveCfg = Release|Any CPU
		{81593D9A-18E9-45A7-8EB6-390112444C56}.Release|Any CPU.Build.0 = Release|Any CPU
		{81593D9A-18E9-45A7-8EB6-390112444C56}.Release|x64.ActiveCfg = Release|Any CPU
		{81593D9A-18E9-45A7-8EB6-390112444C56}.Release|x64.Build.0 = Release|Any CPU
		{81593D9A-18E9-45A7-8EB6-390112444C56}.Release|x86.ActiveCfg = Release|Any CPU
		{81593D9A-18E9-45A7-8EB6-390112444C56}.Release|x86.Build.0 = Release|Any CPU
		{31AFCDA1-FDE6-448A-AF9A-BE58E67D254F}.Debug|Any CPU.ActiveCfg = Debug|Any CPU
		{31AFCDA1-FDE6-448A-AF9A-BE58E67D254F}.Debug|Any CPU.Build.0 = Debug|Any CPU
		{31AFCDA1-FDE6-448A-AF9A-BE58E67D254F}.Debug|x64.ActiveCfg = Debug|Any CPU
		{31AFCDA1-FDE6-448A-AF9A-BE58E67D254F}.Debug|x64.Build.0 = Debug|Any CPU
		{31AFCDA1-FDE6-448A-AF9A-BE58E67D254F}.Debug|x86.ActiveCfg = Debug|Any CPU
		{31AFCDA1-FDE6-448A-AF9A-BE58E67D254F}.Debug|x86.Build.0 = Debug|Any CPU
		{31AFCDA1-FDE6-448A-AF9A-BE58E67D254F}.Release|Any CPU.ActiveCfg = Release|Any CPU
		{31AFCDA1-FDE6-448A-AF9A-BE58E67D254F}.Release|Any CPU.Build.0 = Release|Any CPU
		{31AFCDA1-FDE6-448A-AF9A-BE58E67D254F}.Release|x64.ActiveCfg = Release|Any CPU
		{31AFCDA1-FDE6-448A-AF9A-BE58E67D254F}.Release|x64.Build.0 = Release|Any CPU
		{31AFCDA1-FDE6-448A-AF9A-BE58E67D254F}.Release|x86.ActiveCfg = Release|Any CPU
		{31AFCDA1-FDE6-448A-AF9A-BE58E67D254F}.Release|x86.Build.0 = Release|Any CPU
		{F19E1CA1-7AF6-487B-B8A3-E1C02FB62EC1}.Debug|Any CPU.ActiveCfg = Debug|Any CPU
		{F19E1CA1-7AF6-487B-B8A3-E1C02FB62EC1}.Debug|Any CPU.Build.0 = Debug|Any CPU
		{F19E1CA1-7AF6-487B-B8A3-E1C02FB62EC1}.Debug|x64.ActiveCfg = Debug|Any CPU
		{F19E1CA1-7AF6-487B-B8A3-E1C02FB62EC1}.Debug|x64.Build.0 = Debug|Any CPU
		{F19E1CA1-7AF6-487B-B8A3-E1C02FB62EC1}.Debug|x86.ActiveCfg = Debug|Any CPU
		{F19E1CA1-7AF6-487B-B8A3-E1C02FB62EC1}.Debug|x86.Build.0 = Debug|Any CPU
		{F19E1CA1-7AF6-487B-B8A3-E1C02FB62EC1}.Release|Any CPU.ActiveCfg = Release|Any CPU
		{F19E1CA1-7AF6-487B-B8A3-E1C02FB62EC1}.Release|Any CPU.Build.0 = Release|Any CPU
		{F19E1CA1-7AF6-487B-B8A3-E1C02FB62EC1}.Release|x64.ActiveCfg = Release|Any CPU
		{F19E1CA1-7AF6-487B-B8A3-E1C02FB62EC1}.Release|x64.Build.0 = Release|Any CPU
		{F19E1CA1-7AF6-487B-B8A3-E1C02FB62EC1}.Release|x86.ActiveCfg = Release|Any CPU
		{F19E1CA1-7AF6-487B-B8A3-E1C02FB62EC1}.Release|x86.Build.0 = Release|Any CPU
	EndGlobalSection
	GlobalSection(SolutionProperties) = preSolution
		HideSolutionNode = FALSE
	EndGlobalSection
	GlobalSection(NestedProjects) = preSolution
		{C63C5EB5-D944-4513-BDE4-7DC704E6DFF8} = {827E0CD3-B72D-47B6-A68D-7590B98EB39B}
		{D0E090D4-4F1D-44A8-A3F2-55DA2A11B5DE} = {827E0CD3-B72D-47B6-A68D-7590B98EB39B}
		{4AD0C7F7-C5EC-45D7-8C1F-247FFA587287} = {827E0CD3-B72D-47B6-A68D-7590B98EB39B}
		{0F4DF25E-1929-4172-ADA3-A50FE2377886} = {827E0CD3-B72D-47B6-A68D-7590B98EB39B}
		{1160B55B-999F-4CE5-BFC9-726F28B2F670} = {827E0CD3-B72D-47B6-A68D-7590B98EB39B}
		{81593D9A-18E9-45A7-8EB6-390112444C56} = {827E0CD3-B72D-47B6-A68D-7590B98EB39B}
		{31AFCDA1-FDE6-448A-AF9A-BE58E67D254F} = {827E0CD3-B72D-47B6-A68D-7590B98EB39B}
		{F19E1CA1-7AF6-487B-B8A3-E1C02FB62EC1} = {0AB3BF05-4346-4AA6-1389-037BE0695223}
	EndGlobalSection
EndGlobal
